
Microsoft Visual Studio Solution File, Format Version 12.00
# Visual Studio 2012
Project("{FAE04EC0-301F-11D3-BF4B-00C04F79EFBC}") = "SoftwareEngineering", "SoftwareEngineering\SoftwareEngineering.csproj", "{7C7BB9C7-E24F-4A5D-9701-7A7C2F17533A}"
EndProject
Global
	GlobalSection(SolutionConfigurationPlatforms) = preSolution
		Debug|Any CPU = Debug|Any CPU
		Release|Any CPU = Release|Any CPU
	EndGlobalSection
	GlobalSection(ProjectConfigurationPlatforms) = postSolution
		{7C7BB9C7-E24F-4A5D-9701-7A7C2F17533A}.Debug|Any CPU.ActiveCfg = Debug|Any CPU
		{7C7BB9C7-E24F-4A5D-9701-7A7C2F17533A}.Debug|Any CPU.Build.0 = Debug|Any CPU
		{7C7BB9C7-E24F-4A5D-9701-7A7C2F17533A}.Release|Any CPU.ActiveCfg = Release|Any CPU
		{7C7BB9C7-E24F-4A5D-9701-7A7C2F17533A}.Release|Any CPU.Build.0 = Release|Any CPU
	EndGlobalSection
	GlobalSection(SolutionProperties) = preSolution
		HideSolutionNode = FALSE
	EndGlobalSection
EndGlobal
